
Microsoft Visual Studio Solution File, Format Version 12.00
# Visual Studio Version 17
VisualStudioVersion = 17.0.32112.339
MinimumVisualStudioVersion = 10.0.40219.1
Project("{FAE04EC0-301F-11D3-BF4B-00C04F79EFBC}") = "TransferirArquivoServer", "TransferirArquivoServer\TransferirArquivoServer.csproj", "{185173AD-52B5-4BC9-ACBA-872EC2CD0110}"
EndProject
Global
	GlobalSection(SolutionConfigurationPlatforms) = preSolution
		Debug|Any CPU = Debug|Any CPU
		Release|Any CPU = Release|Any CPU
	EndGlobalSection
	GlobalSection(ProjectConfigurationPlatforms) = postSolution
		{185173AD-52B5-4BC9-ACBA-872EC2CD0110}.Debug|Any CPU.ActiveCfg = Debug|Any CPU
		{185173AD-52B5-4BC9-ACBA-872EC2CD0110}.Debug|Any CPU.Build.0 = Debug|Any CPU
		{185173AD-52B5-4BC9-ACBA-872EC2CD0110}.Release|Any CPU.ActiveCfg = Release|Any CPU
		{185173AD-52B5-4BC9-ACBA-872EC2CD0110}.Release|Any CPU.Build.0 = Release|Any CPU
	EndGlobalSection
	GlobalSection(SolutionProperties) = preSolution
		HideSolutionNode = FALSE
	EndGlobalSection
	GlobalSection(ExtensibilityGlobals) = postSolution
		SolutionGuid = {20AD4A56-A42B-49F8-A647-5B971548B4C4}
	EndGlobalSection
EndGlobal
